
Microsoft Visual Studio Solution File, Format Version 12.00
# Visual Studio Version 17
VisualStudioVersion = 17.6.33723.286
MinimumVisualStudioVersion = 10.0.40219.1
Project("{FAE04EC0-301F-11D3-BF4B-00C04F79EFBC}") = "WPF_InventoryManagementSystem", "WPF_InventoryManagementSystem\WPF_InventoryManagementSystem.csproj", "{13E67F45-05DA-49D6-8BB0-16DC2DDA39CF}"
EndProject
Global
	GlobalSection(SolutionConfigurationPlatforms) = preSolution
		Debug|Any CPU = Debug|Any CPU
		Release|Any CPU = Release|Any CPU
	EndGlobalSection
	GlobalSection(ProjectConfigurationPlatforms) = postSolution
		{13E67F45-05DA-49D6-8BB0-16DC2DDA39CF}.Debug|Any CPU.ActiveCfg = Debug|Any CPU
		{13E67F45-05DA-49D6-8BB0-16DC2DDA39CF}.Debug|Any CPU.Build.0 = Debug|Any CPU
		{13E67F45-05DA-49D6-8BB0-16DC2DDA39CF}.Release|Any CPU.ActiveCfg = Release|Any CPU
		{13E67F45-05DA-49D6-8BB0-16DC2DDA39CF}.Release|Any CPU.Build.0 = Release|Any CPU
	EndGlobalSection
	GlobalSection(SolutionProperties) = preSolution
		HideSolutionNode = FALSE
	EndGlobalSection
	GlobalSection(ExtensibilityGlobals) = postSolution
		SolutionGuid = {551ADEC3-9690-49A5-93C9-6BAF050745F5}
	EndGlobalSection
EndGlobal
